
Microsoft Visual Studio Solution File, Format Version 12.00
# Visual Studio Version 17
VisualStudioVersion = 17.6.33815.320
MinimumVisualStudioVersion = 10.0.40219.1
Project("{2150E333-8FDC-42A3-9474-1A3956D46DE8}") = "Data", "Data", "{D2289E17-CEBF-40A1-ACB1-AA7CD2CEB819}"
EndProject
Project("{2150E333-8FDC-42A3-9474-1A3956D46DE8}") = "Service", "Service", "{2DB536E1-7F59-4188-BA12-79A344D2E089}"
EndProject
Project("{2150E333-8FDC-42A3-9474-1A3956D46DE8}") = "Application", "Application", "{7DD25D95-02E0-4983-AEC3-21B35314FF0A}"
EndProject
Project("{9A19103F-16F7-4668-BE54-9A1E7A4F7556}") = "simpl_ToDoList.api", "Application\simpl_ToDoList.api\simpl_ToDoList.api.csproj", "{5567A2D1-20C3-41F6-A96C-409EE3101C99}"
EndProject
Project("{9A19103F-16F7-4668-BE54-9A1E7A4F7556}") = "simpl_ToDoList.Data.Entity", "Data\simpl_ToDoList.Data.Entity\simpl_ToDoList.Data.Entity.csproj", "{51A38F4A-ED33-4F96-BAF2-001772B5DED1}"
EndProject
Project("{9A19103F-16F7-4668-BE54-9A1E7A4F7556}") = "simpl_ToDoListe.Data.Context", "simpl_ToDoListe.Data.Context\simpl_ToDoListe.Data.Context.csproj", "{35A82F04-B74F-4327-9A41-46DC08A710C9}"
EndProject
Project("{FAE04EC0-301F-11D3-BF4B-00C04F79EFBC}") = "Simpl_ToDoList.Data.Context.Contrat", "Data\Simpl_ToDoList.Data.Context.Contrat\Simpl_ToDoList.Data.Context.Contrat.csproj", "{0D300BF6-79C0-4736-A1D3-A5A49F0C919B}"
EndProject
Project("{FAE04EC0-301F-11D3-BF4B-00C04F79EFBC}") = "Simpl_ToDoList.Data.Repository", "Data\Simpl_ToDoList.Data.Repository\Simpl_ToDoList.Data.Repository.csproj", "{70D42151-3C5B-4E98-9678-C9FCE22CDA23}"
EndProject
Project("{FAE04EC0-301F-11D3-BF4B-00C04F79EFBC}") = "Simpl_ToDoList.Data.Repository.Contrat", "Data\Simpl_ToDoList.Data.Repository.Contrat\Simpl_ToDoList.Data.Repository.Contrat.csproj", "{5CAA62D0-397A-4443-B238-38E11E933664}"
EndProject
Global
	GlobalSection(SolutionConfigurationPlatforms) = preSolution
		Debug|Any CPU = Debug|Any CPU
		Release|Any CPU = Release|Any CPU
	EndGlobalSection
	GlobalSection(ProjectConfigurationPlatforms) = postSolution
		{5567A2D1-20C3-41F6-A96C-409EE3101C99}.Debug|Any CPU.ActiveCfg = Debug|Any CPU
		{5567A2D1-20C3-41F6-A96C-409EE3101C99}.Debug|Any CPU.Build.0 = Debug|Any CPU
		{5567A2D1-20C3-41F6-A96C-409EE3101C99}.Release|Any CPU.ActiveCfg = Release|Any CPU
		{5567A2D1-20C3-41F6-A96C-409EE3101C99}.Release|Any CPU.Build.0 = Release|Any CPU
		{51A38F4A-ED33-4F96-BAF2-001772B5DED1}.Debug|Any CPU.ActiveCfg = Debug|Any CPU
		{51A38F4A-ED33-4F96-BAF2-001772B5DED1}.Debug|Any CPU.Build.0 = Debug|Any CPU
		{51A38F4A-ED33-4F96-BAF2-001772B5DED1}.Release|Any CPU.ActiveCfg = Release|Any CPU
		{51A38F4A-ED33-4F96-BAF2-001772B5DED1}.Release|Any CPU.Build.0 = Release|Any CPU
		{35A82F04-B74F-4327-9A41-46DC08A710C9}.Debug|Any CPU.ActiveCfg = Debug|Any CPU
		{35A82F04-B74F-4327-9A41-46DC08A710C9}.Debug|Any CPU.Build.0 = Debug|Any CPU
		{35A82F04-B74F-4327-9A41-46DC08A710C9}.Release|Any CPU.ActiveCfg = Release|Any CPU
		{35A82F04-B74F-4327-9A41-46DC08A710C9}.Release|Any CPU.Build.0 = Release|Any CPU
		{0D300BF6-79C0-4736-A1D3-A5A49F0C919B}.Debug|Any CPU.ActiveCfg = Debug|Any CPU
		{0D300BF6-79C0-4736-A1D3-A5A49F0C919B}.Debug|Any CPU.Build.0 = Debug|Any CPU
		{0D300BF6-79C0-4736-A1D3-A5A49F0C919B}.Release|Any CPU.ActiveCfg = Release|Any CPU
		{0D300BF6-79C0-4736-A1D3-A5A49F0C919B}.Release|Any CPU.Build.0 = Release|Any CPU
		{70D42151-3C5B-4E98-9678-C9FCE22CDA23}.Debug|Any CPU.ActiveCfg = Debug|Any CPU
		{70D42151-3C5B-4E98-9678-C9FCE22CDA23}.Debug|Any CPU.Build.0 = Debug|Any CPU
		{70D42151-3C5B-4E98-9678-C9FCE22CDA23}.Release|Any CPU.ActiveCfg = Release|Any CPU
		{70D42151-3C5B-4E98-9678-C9FCE22CDA23}.Release|Any CPU.Build.0 = Release|Any CPU
		{5CAA62D0-397A-4443-B238-38E11E933664}.Debug|Any CPU.ActiveCfg = Debug|Any CPU
		{5CAA62D0-397A-4443-B238-38E11E933664}.Debug|Any CPU.Build.0 = Debug|Any CPU
		{5CAA62D0-397A-4443-B238-38E11E933664}.Release|Any CPU.ActiveCfg = Release|Any CPU
		{5CAA62D0-397A-4443-B238-38E11E933664}.Release|Any CPU.Build.0 = Release|Any CPU
	EndGlobalSection
	GlobalSection(SolutionProperties) = preSolution
		HideSolutionNode = FALSE
	EndGlobalSection
	GlobalSection(NestedProjects) = preSolution
		{5567A2D1-20C3-41F6-A96C-409EE3101C99} = {7DD25D95-02E0-4983-AEC3-21B35314FF0A}
		{51A38F4A-ED33-4F96-BAF2-001772B5DED1} = {D2289E17-CEBF-40A1-ACB1-AA7CD2CEB819}
		{35A82F04-B74F-4327-9A41-46DC08A710C9} = {D2289E17-CEBF-40A1-ACB1-AA7CD2CEB819}
		{0D300BF6-79C0-4736-A1D3-A5A49F0C919B} = {D2289E17-CEBF-40A1-ACB1-AA7CD2CEB819}
		{70D42151-3C5B-4E98-9678-C9FCE22CDA23} = {D2289E17-CEBF-40A1-ACB1-AA7CD2CEB819}
		{5CAA62D0-397A-4443-B238-38E11E933664} = {D2289E17-CEBF-40A1-ACB1-AA7CD2CEB819}
	EndGlobalSection
	GlobalSection(ExtensibilityGlobals) = postSolution
		SolutionGuid = {EEE66267-ED4C-497F-AE10-B48A1ED7112B}
	EndGlobalSection
EndGlobal
